// !$*UTF8*$!
{
	archiveVersion = 1;
	classes = {
	};
	objectVersion = 50;
	objects = {

/* Begin PBXBuildFile section */
		340B3CFF221309C3003F6588 /* MemoListVC.swift in Sources */ = {isa = PBXBuildFile; fileRef = 340B3CFE221309C3003F6588 /* MemoListVC.swift */; };
		340B3D01221309EE003F6588 /* MemoFormVC.swift in Sources */ = {isa = PBXBuildFile; fileRef = 340B3D00221309EE003F6588 /* MemoFormVC.swift */; };
		340B3D03221309FF003F6588 /* MemoReadVC.swift in Sources */ = {isa = PBXBuildFile; fileRef = 340B3D02221309FF003F6588 /* MemoReadVC.swift */; };
		340B3D0522130A5B003F6588 /* MemoCell.swift in Sources */ = {isa = PBXBuildFile; fileRef = 340B3D0422130A5B003F6588 /* MemoCell.swift */; };
		340B3D0722130AD3003F6588 /* MemoData.swift in Sources */ = {isa = PBXBuildFile; fileRef = 340B3D0622130AD3003F6588 /* MemoData.swift */; };
		34F4B5402211D88600BFACC6 /* AppDelegate.swift in Sources */ = {isa = PBXBuildFile; fileRef = 34F4B53F2211D88600BFACC6 /* AppDelegate.swift */; };
		34F4B5452211D88600BFACC6 /* Main.storyboard in Resources */ = {isa = PBXBuildFile; fileRef = 34F4B5432211D88600BFACC6 /* Main.storyboard */; };
		34F4B5482211D88600BFACC6 /* SampleMemoApp_ios.xcdatamodeld in Sources */ = {isa = PBXBuildFile; fileRef = 34F4B5462211D88600BFACC6 /* SampleMemoApp_ios.xcdatamodeld */; };
		34F4B54A2211D88800BFACC6 /* Assets.xcassets in Resources */ = {isa = PBXBuildFile; fileRef = 34F4B5492211D88800BFACC6 /* Assets.xcassets */; };
		34F4B54D2211D88800BFACC6 /* LaunchScreen.storyboard in Resources */ = {isa = PBXBuildFile; fileRef = 34F4B54B2211D88800BFACC6 /* LaunchScreen.storyboard */; };
/* End PBXBuildFile section */

/* Begin PBXFileReference section */
		340B3CFE221309C3003F6588 /* MemoListVC.swift */ = {isa = PBXFileReference; lastKnownFileType = sourcecode.swift; path = MemoListVC.swift; sourceTree = "<group>"; };
		340B3D00221309EE003F6588 /* MemoFormVC.swift */ = {isa = PBXFileReference; lastKnownFileType = sourcecode.swift; path = MemoFormVC.swift; sourceTree = "<group>"; };
		340B3D02221309FF003F6588 /* MemoReadVC.swift */ = {isa = PBXFileReference; lastKnownFileType = sourcecode.swift; path = MemoReadVC.swift; sourceTree = "<group>"; };
		340B3D0422130A5B003F6588 /* MemoCell.swift */ = {isa = PBXFileReference; lastKnownFileType = sourcecode.swift; path = MemoCell.swift; sourceTree = "<group>"; };
		340B3D0622130AD3003F6588 /* MemoData.swift */ = {isa = PBXFileReference; lastKnownFileType = sourcecode.swift; path = MemoData.swift; sourceTree = "<group>"; };
		34F4B53C2211D88600BFACC6 /* SampleMemoApp_ios.app */ = {isa = PBXFileReference; explicitFileType = wrapper.application; includeInIndex = 0; path = SampleMemoApp_ios.app; sourceTree = BUILT_PRODUCTS_DIR; };
		34F4B53F2211D88600BFACC6 /* AppDelegate.swift */ = {isa = PBXFileReference; lastKnownFileType = sourcecode.swift; path = AppDelegate.swift; sourceTree = "<group>"; };
		34F4B5442211D88600BFACC6 /* Base */ = {isa = PBXFileReference; lastKnownFileType = file.storyboard; name = Base; path = Base.lproj/Main.storyboard; sourceTree = "<group>"; };
		34F4B5472211D88600BFACC6 /* SampleMemoApp_ios.xcdatamodel */ = {isa = PBXFileReference; lastKnownFileType = wrapper.xcdatamodel; path = SampleMemoApp_ios.xcdatamodel; sourceTree = "<group>"; };
		34F4B5492211D88800BFACC6 /* Assets.xcassets */ = {isa = PBXFileReference; lastKnownFileType = folder.assetcatalog; path = Assets.xcassets; sourceTree = "<group>"; };
		34F4B54C2211D88800BFACC6 /* Base */ = {isa = PBXFileReference; lastKnownFileType = file.storyboard; name = Base; path = Base.lproj/LaunchScreen.storyboard; sourceTree = "<group>"; };
		34F4B54E2211D88800BFACC6 /* Info.plist */ = {isa = PBXFileReference; lastKnownFileType = text.plist.xml; path = Info.plist; sourceTree = "<group>"; };
/* End PBXFileReference section */

/* Begin PBXFrameworksBuildPhase section */
		34F4B5392211D88600BFACC6 /* Frameworks */ = {
			isa = PBXFrameworksBuildPhase;
			buildActionMask = 2147483647;
			files = (
			);
			runOnlyForDeploymentPostprocessing = 0;
		};
/* End PBXFrameworksBuildPhase section */

/* Begin PBXGroup section */
		34F4B5332211D88600BFACC6 = {
			isa = PBXGroup;
			children = (
				34F4B53E2211D88600BFACC6 /* SampleMemoApp_ios */,
				34F4B53D2211D88600BFACC6 /* Products */,
			);
			sourceTree = "<group>";
		};
		34F4B53D2211D88600BFACC6 /* Products */ = {
			isa = PBXGroup;
			children = (
				34F4B53C2211D88600BFACC6 /* SampleMemoApp_ios.app */,
			);
			name = Products;
			sourceTree = "<group>";
		};
		34F4B53E2211D88600BFACC6 /* SampleMemoApp_ios */ = {
			isa = PBXGroup;
			children = (
				34F4B53F2211D88600BFACC6 /* AppDelegate.swift */,
				34F4B5432211D88600BFACC6 /* Main.storyboard */,
				34F4B5492211D88800BFACC6 /* Assets.xcassets */,
				34F4B54B2211D88800BFACC6 /* LaunchScreen.storyboard */,
				34F4B54E2211D88800BFACC6 /* Info.plist */,
				34F4B5462211D88600BFACC6 /* SampleMemoApp_ios.xcdatamodeld */,
				340B3CFE221309C3003F6588 /* MemoListVC.swift */,
				340B3D00221309EE003F6588 /* MemoFormVC.swift */,
				340B3D02221309FF003F6588 /* MemoReadVC.swift */,
				340B3D0422130A5B003F6588 /* MemoCell.swift */,
				340B3D0622130AD3003F6588 /* MemoData.swift */,
			);
			path = SampleMemoApp_ios;
			sourceTree = "<group>";
		};
/* End PBXGroup section */

/* Begin PBXNativeTarget section */
		34F4B53B2211D88600BFACC6 /* SampleMemoApp_ios */ = {
			isa = PBXNativeTarget;
			buildConfigurationList = 34F4B5512211D88800BFACC6 /* Build configuration list for PBXNativeTarget "SampleMemoApp_ios" */;
			buildPhases = (
				34F4B5382211D88600BFACC6 /* Sources */,
				34F4B5392211D88600BFACC6 /* Frameworks */,
				34F4B53A2211D88600BFACC6 /* Resources */,
			);
			buildRules = (
			);
			dependencies = (
			);
			name = SampleMemoApp_ios;
			productName = SampleMemoApp_ios;
			productReference = 34F4B53C2211D88600BFACC6 /* SampleMemoApp_ios.app */;
			productType = "com.apple.product-type.application";
		};
/* End PBXNativeTarget section */

/* Begin PBXProject section */
		34F4B5342211D88600BFACC6 /* Project object */ = {
			isa = PBXProject;
			attributes = {
				LastSwiftUpdateCheck = 1010;
				LastUpgradeCheck = 1010;
				ORGANIZATIONNAME = swift;
				TargetAttributes = {
					34F4B53B2211D88600BFACC6 = {
						CreatedOnToolsVersion = 10.1;
					};
				};
			};
			buildConfigurationList = 34F4B5372211D88600BFACC6 /* Build configuration list for PBXProject "SampleMemoApp_ios" */;
			compatibilityVersion = "Xcode 9.3";
			developmentRegion = en;
			hasScannedForEncodings = 0;
			knownRegions = (
				en,
				Base,
			);
			mainGroup = 34F4B5332211D88600BFACC6;
			productRefGroup = 34F4B53D2211D88600BFACC6 /* Products */;
			projectDirPath = "";
			projectRoot = "";
			targets = (
				34F4B53B2211D88600BFACC6 /* SampleMemoApp_ios */,
			);
		};
/* End PBXProject section */

/* Begin PBXResourcesBuildPhase section */
		34F4B53A2211D88600BFACC6 /* Resources */ = {
			isa = PBXResourcesBuildPhase;
			buildActionMask = 2147483647;
			files = (
				34F4B54D2211D88800BFACC6 /* LaunchScreen.storyboard in Resources */,
				34F4B54A2211D88800BFACC6 /* Assets.xcassets in Resources */,
				34F4B5452211D88600BFACC6 /* Main.storyboard in Resources */,
			);
			runOnlyForDeploymentPostprocessing = 0;
		};
/* End PBXResourcesBuildPhase section */

/* Begin PBXSourcesBuildPhase section */
		34F4B5382211D88600BFACC6 /* Sources */ = {
			isa = PBXSourcesBuildPhase;
			buildActionMask = 2147483647;
			files = (
				340B3CFF221309C3003F6588 /* MemoListVC.swift in Sources */,
				340B3D03221309FF003F6588 /* MemoReadVC.swift in Sources */,
				34F4B5402211D88600BFACC6 /* AppDelegate.swift in Sources */,
				340B3D0722130AD3003F6588 /* MemoData.swift in Sources */,
				340B3D01221309EE003F6588 /* MemoFormVC.swift in Sources */,
				34F4B5482211D88600BFACC6 /* SampleMemoApp_ios.xcdatamodeld in Sources */,
				340B3D0522130A5B003F6588 /* MemoCell.swift in Sources */,
			);
			runOnlyForDeploymentPostprocessing = 0;
		};
/* End PBXSourcesBuildPhase section */

/* Begin PBXVariantGroup section */
		34F4B5432211D88600BFACC6 /* Main.storyboard */ = {
			isa = PBXVariantGroup;
			children = (
				34F4B5442211D88600BFACC6 /* Base */,
			);
			name = Main.storyboard;
			sourceTree = "<group>";
		};
		34F4B54B2211D88800BFACC6 /* LaunchScreen.storyboard */ = {
			isa = PBXVariantGroup;
			children = (
				34F4B54C2211D88800BFACC6 /* Base */,
			);
			name = LaunchScreen.storyboard;
			sourceTree = "<group>";
		};
/* End PBXVariantGroup section */

/* Begin XCBuildConfiguration section */
		34F4B54F2211D88800BFACC6 /* Debug */ = {
			isa = XCBuildConfiguration;
			buildSettings = {
				ALWAYS_SEARCH_USER_PATHS = NO;
				CLANG_ANALYZER_NONNULL = YES;
				CLANG_ANALYZER_NUMBER_OBJECT_CONVERSION = YES_AGGRESSIVE;
				CLANG_CXX_LANGUAGE_STANDARD = "gnu++14";
				CLANG_CXX_LIBRARY = "libc++";
				CLANG_ENABLE_MODULES = YES;
				CLANG_ENABLE_OBJC_ARC = YES;
				CLANG_ENABLE_OBJC_WEAK = YES;
				CLANG_WARN_BLOCK_CAPTURE_AUTORELEASING = YES;
				CLANG_WARN_BOOL_CONVERSION = YES;
				CLANG_WARN_COMMA = YES;
				CLANG_WARN_CONSTANT_CONVERSION = YES;
				CLANG_WARN_DEPRECATED_OBJC_IMPLEMENTATIONS = YES;
				CLANG_WARN_DIRECT_OBJC_ISA_USAGE = YES_ERROR;
				CLANG_WARN_DOCUMENTATION_COMMENTS = YES;
				CLANG_WARN_EMPTY_BODY = YES;
				CLANG_WARN_ENUM_CONVERSION = YES;
				CLANG_WARN_INFINITE_RECURSION = YES;
				CLANG_WARN_INT_CONVERSION = YES;
				CLANG_WARN_NON_LITERAL_NULL_CONVERSION = YES;
				CLANG_WARN_OBJC_IMPLICIT_RETAIN_SELF = YES;
				CLANG_WARN_OBJC_LITERAL_CONVERSION = YES;
				CLANG_WARN_OBJC_ROOT_CLASS = YES_ERROR;
				CLANG_WARN_RANGE_LOOP_ANALYSIS = YES;
				CLANG_WARN_STRICT_PROTOTYPES = YES;
				CLANG_WARN_SUSPICIOUS_MOVE = YES;
				CLANG_WARN_UNGUARDED_AVAILABILITY = YES_AGGRESSIVE;
				CLANG_WARN_UNREACHABLE_CODE = YES;
				CLANG_WARN__DUPLICATE_METHOD_MATCH = YES;
				CODE_SIGN_IDENTITY = "iPhone Developer";
				COPY_PHASE_STRIP = NO;
				DEBUG_INFORMATION_FORMAT = dwarf;
				ENABLE_STRICT_OBJC_MSGSEND = YES;
				ENABLE_TESTABILITY = YES;
				GCC_C_LANGUAGE_STANDARD = gnu11;
				GCC_DYNAMIC_NO_PIC = NO;
				GCC_NO_COMMON_BLOCKS = YES;
				GCC_OPTIMIZATION_LEVEL = 0;
				GCC_PREPROCESSOR_DEFINITIONS = (
					"DEBUG=1",
					"$(inherited)",
				);
				GCC_WARN_64_TO_32_BIT_CONVERSION = YES;
				GCC_WARN_ABOUT_RETURN_TYPE = YES_ERROR;
				GCC_WARN_UNDECLARED_SELECTOR = YES;
				GCC_WARN_UNINITIALIZED_AUTOS = YES_AGGRESSIVE;
				GCC_WARN_UNUSED_FUNCTION = YES;
				GCC_WARN_UNUSED_VARIABLE = YES;
				IPHONEOS_DEPLOYMENT_TARGET = 12.1;
				MTL_ENABLE_DEBUG_INFO = INCLUDE_SOURCE;
				MTL_FAST_MATH = YES;
				ONLY_ACTIVE_ARCH = YES;
				SDKROOT = iphoneos;
				SWIFT_ACTIVE_COMPILATION_CONDITIONS = DEBUG;
				SWIFT_OPTIMIZATION_LEVEL = "-Onone";
			};
			name = Debug;
		};
		34F4B5502211D88800BFACC6 /* Release */ = {
			isa = XCBuildConfiguration;
			buildSettings = {
				ALWAYS_SEARCH_USER_PATHS = NO;
				CLANG_ANALYZER_NONNULL = YES;
				CLANG_ANALYZER_NUMBER_OBJECT_CONVERSION = YES_AGGRESSIVE;
				CLANG_CXX_LANGUAGE_STANDARD = "gnu++14";
				CLANG_CXX_LIBRARY = "libc++";
				CLANG_ENABLE_MODULES = YES;
				CLANG_ENABLE_OBJC_ARC = YES;
				CLANG_ENABLE_OBJC_WEAK = YES;
				CLANG_WARN_BLOCK_CAPTURE_AUTORELEASING = YES;
				CLANG_WARN_BOOL_CONVERSION = YES;
				CLANG_WARN_COMMA = YES;
				CLANG_WARN_CONSTANT_CONVERSION = YES;
				CLANG_WARN_DEPRECATED_OBJC_IMPLEMENTATIONS = YES;
				CLANG_WARN_DIRECT_OBJC_ISA_USAGE = YES_ERROR;
				CLANG_WARN_DOCUMENTATION_COMMENTS = YES;
				CLANG_WARN_EMPTY_BODY = YES;
				CLANG_WARN_ENUM_CONVERSION = YES;
				CLANG_WARN_INFINITE_RECURSION = YES;
				CLANG_WARN_INT_CONVERSION = YES;
				CLANG_WARN_NON_LITERAL_NULL_CONVERSION = YES;
				CLANG_WARN_OBJC_IMPLICIT_RETAIN_SELF = YES;
				CLANG_WARN_OBJC_LITERAL_CONVERSION = YES;
				CLANG_WARN_OBJC_ROOT_CLASS = YES_ERROR;
				CLANG_WARN_RANGE_LOOP_ANALYSIS = YES;
				CLANG_WARN_STRICT_PROTOTYPES = YES;
				CLANG_WARN_SUSPICIOUS_MOVE = YES;
				CLANG_WARN_UNGUARDED_AVAILABILITY = YES_AGGRESSIVE;
				CLANG_WARN_UNREACHABLE_CODE = YES;
				CLANG_WARN__DUPLICATE_METHOD_MATCH = YES;
				CODE_SIGN_IDENTITY = "iPhone Developer";
				COPY_PHASE_STRIP = NO;
				DEBUG_INFORMATION_FORMAT = "dwarf-with-dsym";
				ENABLE_NS_ASSERTIONS = NO;
				ENABLE_STRICT_OBJC_MSGSEND = YES;
				GCC_C_LANGUAGE_STANDARD = gnu11;
				GCC_NO_COMMON_BLOCKS = YES;
				GCC_WARN_64_TO_32_BIT_CONVERSION = YES;
				GCC_WARN_ABOUT_RETURN_TYPE = YES_ERROR;
				GCC_WARN_UNDECLARED_SELECTOR = YES;
				GCC_WARN_UNINITIALIZED_AUTOS = YES_AGGRESSIVE;
				GCC_WARN_UNUSED_FUNCTION = YES;
				GCC_WARN_UNUSED_VARIABLE = YES;
				IPHONEOS_DEPLOYMENT_TARGET = 12.1;
				MTL_ENABLE_DEBUG_INFO = NO;
				MTL_FAST_MATH = YES;
				SDKROOT = iphoneos;
				SWIFT_COMPILATION_MODE = wholemodule;
				SWIFT_OPTIMIZATION_LEVEL = "-O";
				VALIDATE_PRODUCT = YES;
			};
			name = Release;
		};
		34F4B5522211D88800BFACC6 /* Debug */ = {
			isa = XCBuildConfiguration;
			buildSettings = {
				ASSETCATALOG_COMPILER_APPICON_NAME = AppIcon;
				CODE_SIGN_STYLE = Automatic;
				DEVELOPMENT_TEAM = CD9GCQ8TBY;
				INFOPLIST_FILE = SampleMemoApp_ios/Info.plist;
				LD_RUNPATH_SEARCH_PATHS = (
					"$(inherited)",
					"@executable_path/Frameworks",
				);
				PRODUCT_BUNDLE_IDENTIFIER = "com.swift.junghoon.SampleMemoApp-ios";
				PRODUCT_NAME = "$(TARGET_NAME)";
				SWIFT_VERSION = 4.2;
				TARGETED_DEVICE_FAMILY = "1,2";
			};
			name = Debug;
		};
		34F4B5532211D88800BFACC6 /* Release */ = {
			isa = XCBuildConfiguration;
			buildSettings = {
				ASSETCATALOG_COMPILER_APPICON_NAME = AppIcon;
				CODE_SIGN_STYLE = Automatic;
				DEVELOPMENT_TEAM = CD9GCQ8TBY;
				INFOPLIST_FILE = SampleMemoApp_ios/Info.plist;
				LD_RUNPATH_SEARCH_PATHS = (
					"$(inherited)",
					"@executable_path/Frameworks",
				);
				PRODUCT_BUNDLE_IDENTIFIER = "com.swift.junghoon.SampleMemoApp-ios";
				PRODUCT_NAME = "$(TARGET_NAME)";
				SWIFT_VERSION = 4.2;
				TARGETED_DEVICE_FAMILY = "1,2";
			};
			name = Release;
		};
/* End XCBuildConfiguration section */

/* Begin XCConfigurationList section */
		34F4B5372211D88600BFACC6 /* Build configuration list for PBXProject "SampleMemoApp_ios" */ = {
			isa = XCConfigurationList;
			buildConfigurations = (
				34F4B54F2211D88800BFACC6 /* Debug */,
				34F4B5502211D88800BFACC6 /* Release */,
			);
			defaultConfigurationIsVisible = 0;
			defaultConfigurationName = Release;
		};
		34F4B5512211D88800BFACC6 /* Build configuration list for PBXNativeTarget "SampleMemoApp_ios" */ = {
			isa = XCConfigurationList;
			buildConfigurations = (
				34F4B5522211D88800BFACC6 /* Debug */,
				34F4B5532211D88800BFACC6 /* Release */,
			);
			defaultConfigurationIsVisible = 0;
			defaultConfigurationName = Release;
		};
/* End XCConfigurationList section */

/* Begin XCVersionGroup section */
		34F4B5462211D88600BFACC6 /* SampleMemoApp_ios.xcdatamodeld */ = {
			isa = XCVersionGroup;
			children = (
				34F4B5472211D88600BFACC6 /* SampleMemoApp_ios.xcdatamodel */,
			);
			currentVersion = 34F4B5472211D88600BFACC6 /* SampleMemoApp_ios.xcdatamodel */;
			path = SampleMemoApp_ios.xcdatamodeld;
			sourceTree = "<group>";
			versionGroupType = wrapper.xcdatamodel;
		};
/* End XCVersionGroup section */
	};
	rootObject = 34F4B5342211D88600BFACC6 /* Project object */;
}
